
Microsoft Visual Studio Solution File, Format Version 12.00
# Visual Studio 15
VisualStudioVersion = 15.0.27703.2035
MinimumVisualStudioVersion = 10.0.40219.1
Project("{FAE04EC0-301F-11D3-BF4B-00C04F79EFBC}") = "BellitBot", "BellitBot\BellitBot.csproj", "{C9BDAA76-0DCD-4B25-8BCD-4A5A76F9CFA0}"
EndProject
Project("{CC5FD16D-436D-48AD-A40C-5A424C6E3E79}") = "BellitBot.Azure", "BellitBot.Azure\BellitBot.Azure.ccproj", "{583B2268-6789-4C1D-B70F-39A9139CDF59}"
EndProject
Global
	GlobalSection(SolutionConfigurationPlatforms) = preSolution
		Debug|Any CPU = Debug|Any CPU
		Release|Any CPU = Release|Any CPU
	EndGlobalSection
	GlobalSection(ProjectConfigurationPlatforms) = postSolution
		{C9BDAA76-0DCD-4B25-8BCD-4A5A76F9CFA0}.Debug|Any CPU.ActiveCfg = Debug|Any CPU
		{C9BDAA76-0DCD-4B25-8BCD-4A5A76F9CFA0}.Debug|Any CPU.Build.0 = Debug|Any CPU
		{C9BDAA76-0DCD-4B25-8BCD-4A5A76F9CFA0}.Release|Any CPU.ActiveCfg = Release|Any CPU
		{C9BDAA76-0DCD-4B25-8BCD-4A5A76F9CFA0}.Release|Any CPU.Build.0 = Release|Any CPU
		{583B2268-6789-4C1D-B70F-39A9139CDF59}.Debug|Any CPU.ActiveCfg = Debug|Any CPU
		{583B2268-6789-4C1D-B70F-39A9139CDF59}.Debug|Any CPU.Build.0 = Debug|Any CPU
		{583B2268-6789-4C1D-B70F-39A9139CDF59}.Release|Any CPU.ActiveCfg = Release|Any CPU
		{583B2268-6789-4C1D-B70F-39A9139CDF59}.Release|Any CPU.Build.0 = Release|Any CPU
	EndGlobalSection
	GlobalSection(SolutionProperties) = preSolution
		HideSolutionNode = FALSE
	EndGlobalSection
	GlobalSection(ExtensibilityGlobals) = postSolution
		SolutionGuid = {CF4A829C-3A10-4CFD-A57F-74B51B211A6F}
	EndGlobalSection
EndGlobal
